
Microsoft Visual Studio Solution File, Format Version 12.00
# Visual Studio Version 16
VisualStudioVersion = 16.0.28917.182
MinimumVisualStudioVersion = 10.0.40219.1
Project("{FAE04EC0-301F-11D3-BF4B-00C04F79EFBC}") = "ContosoApp", "ContosoApp\ContosoApp.csproj", "{1D5D3B23-D244-4FE0-84B8-E4658CD1315A}"
EndProject
Global
	GlobalSection(SolutionConfigurationPlatforms) = preSolution
		Debug|Any CPU = Debug|Any CPU
		Release|Any CPU = Release|Any CPU
	EndGlobalSection
	GlobalSection(ProjectConfigurationPlatforms) = postSolution
		{1D5D3B23-D244-4FE0-84B8-E4658CD1315A}.Debug|Any CPU.ActiveCfg = Debug|Any CPU
		{1D5D3B23-D244-4FE0-84B8-E4658CD1315A}.Debug|Any CPU.Build.0 = Debug|Any CPU
		{1D5D3B23-D244-4FE0-84B8-E4658CD1315A}.Release|Any CPU.ActiveCfg = Release|Any CPU
		{1D5D3B23-D244-4FE0-84B8-E4658CD1315A}.Release|Any CPU.Build.0 = Release|Any CPU
	EndGlobalSection
	GlobalSection(SolutionProperties) = preSolution
		HideSolutionNode = FALSE
	EndGlobalSection
	GlobalSection(ExtensibilityGlobals) = postSolution
		SolutionGuid = {B8C92E64-BAEA-470B-81C1-2BC65F47ABBA}
	EndGlobalSection
EndGlobal
